
Microsoft Visual Studio Solution File, Format Version 12.00
# Visual Studio 14
VisualStudioVersion = 14.0.25420.1
MinimumVisualStudioVersion = 10.0.40219.1
Project("{FAE04EC0-301F-11D3-BF4B-00C04F79EFBC}") = "DependencyResolver", "DependencyResolver\DependencyResolver.csproj", "{9885138A-4492-4EBE-87AA-F48202706EED}"
EndProject
Project("{FAE04EC0-301F-11D3-BF4B-00C04F79EFBC}") = "DependencyResolver.Droid", "DependencyResolver.Droid\DependencyResolver.Droid.csproj", "{69B7A1AB-A2F3-46D6-981B-2B0EB3E8994F}"
EndProject
Project("{FAE04EC0-301F-11D3-BF4B-00C04F79EFBC}") = "DependencyResolver.iOS", "DependencyResolver.iOS\DependencyResolver.iOS.csproj", "{AF097550-736A-4340-BF41-EAF0825B73DB}"
EndProject
Project("{D954291E-2A0B-460D-934E-DC6B0785DB48}") = "DependencyResolver.Shared", "DependencyResolver.Shared\DependencyResolver.Shared.shproj", "{CFD904AB-89BD-4BBA-936E-3A3667751956}"
EndProject
Project("{2150E333-8FDC-42A3-9474-1A3956D46DE8}") = "Solution Items", "Solution Items", "{CC375F1D-94F9-4A8F-A98E-8C67722989B1}"
	ProjectSection(SolutionItems) = preProject
		DependencyResolver.nuspec = DependencyResolver.nuspec
		MainActivity.Sample.cs = MainActivity.Sample.cs
		PlatformSpecificInterface.PCL.cs = PlatformSpecificInterface.PCL.cs
	EndProjectSection
EndProject
Project("{2150E333-8FDC-42A3-9474-1A3956D46DE8}") = "Tests", "Tests", "{582D4340-A27A-4B09-9FBB-C6EAED08CD88}"
EndProject
Project("{FAE04EC0-301F-11D3-BF4B-00C04F79EFBC}") = "ResolverTests.Droid", "ResolverTests\ResolverTests.Droid\ResolverTests.Droid.csproj", "{FC01B428-A1D6-4FC0-BA29-60DC4C4A4732}"
EndProject
Project("{FAE04EC0-301F-11D3-BF4B-00C04F79EFBC}") = "ResolverTests.iOS", "ResolverTests\ResolverTests.iOS\ResolverTests.iOS.csproj", "{713B9266-D0D4-47A6-93B4-DC0395C209DA}"
EndProject
Project("{FAE04EC0-301F-11D3-BF4B-00C04F79EFBC}") = "ResolverTests", "ResolverTests\ResolverTests\ResolverTests.csproj", "{72BBE4D1-6C7E-44CB-B1DB-ADA8CEAF0637}"
EndProject
Global
	GlobalSection(SharedMSBuildProjectFiles) = preSolution
		DependencyResolver.Shared\DependencyResolver.Shared.projitems*{69b7a1ab-a2f3-46d6-981b-2b0eb3e8994f}*SharedItemsImports = 4
		DependencyResolver.Shared\DependencyResolver.Shared.projitems*{af097550-736a-4340-bf41-eaf0825b73db}*SharedItemsImports = 4
		DependencyResolver.Shared\DependencyResolver.Shared.projitems*{cfd904ab-89bd-4bba-936e-3a3667751956}*SharedItemsImports = 13
	EndGlobalSection
	GlobalSection(SolutionConfigurationPlatforms) = preSolution
		Debug|Any CPU = Debug|Any CPU
		Debug|ARM = Debug|ARM
		Debug|iPhone = Debug|iPhone
		Debug|iPhoneSimulator = Debug|iPhoneSimulator
		Debug|x86 = Debug|x86
		Release|Any CPU = Release|Any CPU
		Release|ARM = Release|ARM
		Release|iPhone = Release|iPhone
		Release|iPhoneSimulator = Release|iPhoneSimulator
		Release|x86 = Release|x86
	EndGlobalSection
	GlobalSection(ProjectConfigurationPlatforms) = postSolution
		{9885138A-4492-4EBE-87AA-F48202706EED}.Debug|Any CPU.ActiveCfg = Debug|Any CPU
		{9885138A-4492-4EBE-87AA-F48202706EED}.Debug|Any CPU.Build.0 = Debug|Any CPU
		{9885138A-4492-4EBE-87AA-F48202706EED}.Debug|ARM.ActiveCfg = Debug|Any CPU
		{9885138A-4492-4EBE-87AA-F48202706EED}.Debug|ARM.Build.0 = Debug|Any CPU
		{9885138A-4492-4EBE-87AA-F48202706EED}.Debug|iPhone.ActiveCfg = Debug|Any CPU
		{9885138A-4492-4EBE-87AA-F48202706EED}.Debug|iPhone.Build.0 = Debug|Any CPU
		{9885138A-4492-4EBE-87AA-F48202706EED}.Debug|iPhoneSimulator.ActiveCfg = Debug|Any CPU
		{9885138A-4492-4EBE-87AA-F48202706EED}.Debug|iPhoneSimulator.Build.0 = Debug|Any CPU
		{9885138A-4492-4EBE-87AA-F48202706EED}.Debug|x86.ActiveCfg = Debug|Any CPU
		{9885138A-4492-4EBE-87AA-F48202706EED}.Debug|x86.Build.0 = Debug|Any CPU
		{9885138A-4492-4EBE-87AA-F48202706EED}.Release|Any CPU.ActiveCfg = Release|Any CPU
		{9885138A-4492-4EBE-87AA-F48202706EED}.Release|Any CPU.Build.0 = Release|Any CPU
		{9885138A-4492-4EBE-87AA-F48202706EED}.Release|ARM.ActiveCfg = Release|Any CPU
		{9885138A-4492-4EBE-87AA-F48202706EED}.Release|ARM.Build.0 = Release|Any CPU
		{9885138A-4492-4EBE-87AA-F48202706EED}.Release|iPhone.ActiveCfg = Release|Any CPU
		{9885138A-4492-4EBE-87AA-F48202706EED}.Release|iPhone.Build.0 = Release|Any CPU
		{9885138A-4492-4EBE-87AA-F48202706EED}.Release|iPhoneSimulator.ActiveCfg = Release|Any CPU
		{9885138A-4492-4EBE-87AA-F48202706EED}.Release|iPhoneSimulator.Build.0 = Release|Any CPU
		{9885138A-4492-4EBE-87AA-F48202706EED}.Release|x86.ActiveCfg = Release|Any CPU
		{9885138A-4492-4EBE-87AA-F48202706EED}.Release|x86.Build.0 = Release|Any CPU
		{69B7A1AB-A2F3-46D6-981B-2B0EB3E8994F}.Debug|Any CPU.ActiveCfg = Debug|Any CPU
		{69B7A1AB-A2F3-46D6-981B-2B0EB3E8994F}.Debug|Any CPU.Build.0 = Debug|Any CPU
		{69B7A1AB-A2F3-46D6-981B-2B0EB3E8994F}.Debug|ARM.ActiveCfg = Debug|Any CPU
		{69B7A1AB-A2F3-46D6-981B-2B0EB3E8994F}.Debug|ARM.Build.0 = Debug|Any CPU
		{69B7A1AB-A2F3-46D6-981B-2B0EB3E8994F}.Debug|iPhone.ActiveCfg = Debug|Any CPU
		{69B7A1AB-A2F3-46D6-981B-2B0EB3E8994F}.Debug|iPhone.Build.0 = Debug|Any CPU
		{69B7A1AB-A2F3-46D6-981B-2B0EB3E8994F}.Debug|iPhoneSimulator.ActiveCfg = Debug|Any CPU
		{69B7A1AB-A2F3-46D6-981B-2B0EB3E8994F}.Debug|iPhoneSimulator.Build.0 = Debug|Any CPU
		{69B7A1AB-A2F3-46D6-981B-2B0EB3E8994F}.Debug|x86.ActiveCfg = Debug|Any CPU
		{69B7A1AB-A2F3-46D6-981B-2B0EB3E8994F}.Debug|x86.Build.0 = Debug|Any CPU
		{69B7A1AB-A2F3-46D6-981B-2B0EB3E8994F}.Release|Any CPU.ActiveCfg = Release|Any CPU
		{69B7A1AB-A2F3-46D6-981B-2B0EB3E8994F}.Release|Any CPU.Build.0 = Release|Any CPU
		{69B7A1AB-A2F3-46D6-981B-2B0EB3E8994F}.Release|ARM.ActiveCfg = Release|Any CPU
		{69B7A1AB-A2F3-46D6-981B-2B0EB3E8994F}.Release|ARM.Build.0 = Release|Any CPU
		{69B7A1AB-A2F3-46D6-981B-2B0EB3E8994F}.Release|iPhone.ActiveCfg = Release|Any CPU
		{69B7A1AB-A2F3-46D6-981B-2B0EB3E8994F}.Release|iPhone.Build.0 = Release|Any CPU
		{69B7A1AB-A2F3-46D6-981B-2B0EB3E8994F}.Release|iPhoneSimulator.ActiveCfg = Release|Any CPU
		{69B7A1AB-A2F3-46D6-981B-2B0EB3E8994F}.Release|iPhoneSimulator.Build.0 = Release|Any CPU
		{69B7A1AB-A2F3-46D6-981B-2B0EB3E8994F}.Release|x86.ActiveCfg = Release|Any CPU
		{69B7A1AB-A2F3-46D6-981B-2B0EB3E8994F}.Release|x86.Build.0 = Release|Any CPU
		{AF097550-736A-4340-BF41-EAF0825B73DB}.Debug|Any CPU.ActiveCfg = Debug|Any CPU
		{AF097550-736A-4340-BF41-EAF0825B73DB}.Debug|Any CPU.Build.0 = Debug|Any CPU
		{AF097550-736A-4340-BF41-EAF0825B73DB}.Debug|ARM.ActiveCfg = Debug|Any CPU
		{AF097550-736A-4340-BF41-EAF0825B73DB}.Debug|ARM.Build.0 = Debug|Any CPU
		{AF097550-736A-4340-BF41-EAF0825B73DB}.Debug|iPhone.ActiveCfg = Debug|Any CPU
		{AF097550-736A-4340-BF41-EAF0825B73DB}.Debug|iPhone.Build.0 = Debug|Any CPU
		{AF097550-736A-4340-BF41-EAF0825B73DB}.Debug|iPhoneSimulator.ActiveCfg = Debug|Any CPU
		{AF097550-736A-4340-BF41-EAF0825B73DB}.Debug|iPhoneSimulator.Build.0 = Debug|Any CPU
		{AF097550-736A-4340-BF41-EAF0825B73DB}.Debug|x86.ActiveCfg = Debug|Any CPU
		{AF097550-736A-4340-BF41-EAF0825B73DB}.Debug|x86.Build.0 = Debug|Any CPU
		{AF097550-736A-4340-BF41-EAF0825B73DB}.Release|Any CPU.ActiveCfg = Release|Any CPU
		{AF097550-736A-4340-BF41-EAF0825B73DB}.Release|Any CPU.Build.0 = Release|Any CPU
		{AF097550-736A-4340-BF41-EAF0825B73DB}.Release|ARM.ActiveCfg = Release|Any CPU
		{AF097550-736A-4340-BF41-EAF0825B73DB}.Release|ARM.Build.0 = Release|Any CPU
		{AF097550-736A-4340-BF41-EAF0825B73DB}.Release|iPhone.ActiveCfg = Release|Any CPU
		{AF097550-736A-4340-BF41-EAF0825B73DB}.Release|iPhone.Build.0 = Release|Any CPU
		{AF097550-736A-4340-BF41-EAF0825B73DB}.Release|iPhoneSimulator.ActiveCfg = Release|Any CPU
		{AF097550-736A-4340-BF41-EAF0825B73DB}.Release|iPhoneSimulator.Build.0 = Release|Any CPU
		{AF097550-736A-4340-BF41-EAF0825B73DB}.Release|x86.ActiveCfg = Release|Any CPU
		{AF097550-736A-4340-BF41-EAF0825B73DB}.Release|x86.Build.0 = Release|Any CPU
		{FC01B428-A1D6-4FC0-BA29-60DC4C4A4732}.Debug|Any CPU.ActiveCfg = Debug|Any CPU
		{FC01B428-A1D6-4FC0-BA29-60DC4C4A4732}.Debug|Any CPU.Build.0 = Debug|Any CPU
		{FC01B428-A1D6-4FC0-BA29-60DC4C4A4732}.Debug|Any CPU.Deploy.0 = Debug|Any CPU
		{FC01B428-A1D6-4FC0-BA29-60DC4C4A4732}.Debug|ARM.ActiveCfg = Debug|Any CPU
		{FC01B428-A1D6-4FC0-BA29-60DC4C4A4732}.Debug|ARM.Build.0 = Debug|Any CPU
		{FC01B428-A1D6-4FC0-BA29-60DC4C4A4732}.Debug|ARM.Deploy.0 = Debug|Any CPU
		{FC01B428-A1D6-4FC0-BA29-60DC4C4A4732}.Debug|iPhone.ActiveCfg = Debug|Any CPU
		{FC01B428-A1D6-4FC0-BA29-60DC4C4A4732}.Debug|iPhone.Build.0 = Debug|Any CPU
		{FC01B428-A1D6-4FC0-BA29-60DC4C4A4732}.Debug|iPhone.Deploy.0 = Debug|Any CPU
		{FC01B428-A1D6-4FC0-BA29-60DC4C4A4732}.Debug|iPhoneSimulator.ActiveCfg = Debug|Any CPU
		{FC01B428-A1D6-4FC0-BA29-60DC4C4A4732}.Debug|iPhoneSimulator.Build.0 = Debug|Any CPU
		{FC01B428-A1D6-4FC0-BA29-60DC4C4A4732}.Debug|iPhoneSimulator.Deploy.0 = Debug|Any CPU
		{FC01B428-A1D6-4FC0-BA29-60DC4C4A4732}.Debug|x86.ActiveCfg = Debug|Any CPU
		{FC01B428-A1D6-4FC0-BA29-60DC4C4A4732}.Debug|x86.Build.0 = Debug|Any CPU
		{FC01B428-A1D6-4FC0-BA29-60DC4C4A4732}.Debug|x86.Deploy.0 = Debug|Any CPU
		{FC01B428-A1D6-4FC0-BA29-60DC4C4A4732}.Release|Any CPU.ActiveCfg = Release|Any CPU
		{FC01B428-A1D6-4FC0-BA29-60DC4C4A4732}.Release|Any CPU.Build.0 = Release|Any CPU
		{FC01B428-A1D6-4FC0-BA29-60DC4C4A4732}.Release|Any CPU.Deploy.0 = Release|Any CPU
		{FC01B428-A1D6-4FC0-BA29-60DC4C4A4732}.Release|ARM.ActiveCfg = Release|Any CPU
		{FC01B428-A1D6-4FC0-BA29-60DC4C4A4732}.Release|ARM.Build.0 = Release|Any CPU
		{FC01B428-A1D6-4FC0-BA29-60DC4C4A4732}.Release|ARM.Deploy.0 = Release|Any CPU
		{FC01B428-A1D6-4FC0-BA29-60DC4C4A4732}.Release|iPhone.ActiveCfg = Release|Any CPU
		{FC01B428-A1D6-4FC0-BA29-60DC4C4A4732}.Release|iPhone.Build.0 = Release|Any CPU
		{FC01B428-A1D6-4FC0-BA29-60DC4C4A4732}.Release|iPhone.Deploy.0 = Release|Any CPU
		{FC01B428-A1D6-4FC0-BA29-60DC4C4A4732}.Release|iPhoneSimulator.ActiveCfg = Release|Any CPU
		{FC01B428-A1D6-4FC0-BA29-60DC4C4A4732}.Release|iPhoneSimulator.Build.0 = Release|Any CPU
		{FC01B428-A1D6-4FC0-BA29-60DC4C4A4732}.Release|iPhoneSimulator.Deploy.0 = Release|Any CPU
		{FC01B428-A1D6-4FC0-BA29-60DC4C4A4732}.Release|x86.ActiveCfg = Release|Any CPU
		{FC01B428-A1D6-4FC0-BA29-60DC4C4A4732}.Release|x86.Build.0 = Release|Any CPU
		{FC01B428-A1D6-4FC0-BA29-60DC4C4A4732}.Release|x86.Deploy.0 = Release|Any CPU
		{713B9266-D0D4-47A6-93B4-DC0395C209DA}.Debug|Any CPU.ActiveCfg = Debug|iPhone
		{713B9266-D0D4-47A6-93B4-DC0395C209DA}.Debug|ARM.ActiveCfg = Debug|iPhone
		{713B9266-D0D4-47A6-93B4-DC0395C209DA}.Debug|iPhone.ActiveCfg = Debug|iPhone
		{713B9266-D0D4-47A6-93B4-DC0395C209DA}.Debug|iPhone.Build.0 = Debug|iPhone
		{713B9266-D0D4-47A6-93B4-DC0395C209DA}.Debug|iPhoneSimulator.ActiveCfg = Debug|iPhoneSimulator
		{713B9266-D0D4-47A6-93B4-DC0395C209DA}.Debug|iPhoneSimulator.Build.0 = Debug|iPhoneSimulator
		{713B9266-D0D4-47A6-93B4-DC0395C209DA}.Debug|x86.ActiveCfg = Debug|iPhone
		{713B9266-D0D4-47A6-93B4-DC0395C209DA}.Release|Any CPU.ActiveCfg = Release|iPhone
		{713B9266-D0D4-47A6-93B4-DC0395C209DA}.Release|ARM.ActiveCfg = Release|iPhone
		{713B9266-D0D4-47A6-93B4-DC0395C209DA}.Release|iPhone.ActiveCfg = Release|iPhone
		{713B9266-D0D4-47A6-93B4-DC0395C209DA}.Release|iPhone.Build.0 = Release|iPhone
		{713B9266-D0D4-47A6-93B4-DC0395C209DA}.Release|iPhoneSimulator.ActiveCfg = Release|iPhoneSimulator
		{713B9266-D0D4-47A6-93B4-DC0395C209DA}.Release|iPhoneSimulator.Build.0 = Release|iPhoneSimulator
		{713B9266-D0D4-47A6-93B4-DC0395C209DA}.Release|x86.ActiveCfg = Release|iPhone
		{72BBE4D1-6C7E-44CB-B1DB-ADA8CEAF0637}.Debug|Any CPU.ActiveCfg = Debug|Any CPU
		{72BBE4D1-6C7E-44CB-B1DB-ADA8CEAF0637}.Debug|Any CPU.Build.0 = Debug|Any CPU
		{72BBE4D1-6C7E-44CB-B1DB-ADA8CEAF0637}.Debug|ARM.ActiveCfg = Debug|Any CPU
		{72BBE4D1-6C7E-44CB-B1DB-ADA8CEAF0637}.Debug|ARM.Build.0 = Debug|Any CPU
		{72BBE4D1-6C7E-44CB-B1DB-ADA8CEAF0637}.Debug|iPhone.ActiveCfg = Debug|Any CPU
		{72BBE4D1-6C7E-44CB-B1DB-ADA8CEAF0637}.Debug|iPhone.Build.0 = Debug|Any CPU
		{72BBE4D1-6C7E-44CB-B1DB-ADA8CEAF0637}.Debug|iPhoneSimulator.ActiveCfg = Debug|Any CPU
		{72BBE4D1-6C7E-44CB-B1DB-ADA8CEAF0637}.Debug|iPhoneSimulator.Build.0 = Debug|Any CPU
		{72BBE4D1-6C7E-44CB-B1DB-ADA8CEAF0637}.Debug|x86.ActiveCfg = Debug|Any CPU
		{72BBE4D1-6C7E-44CB-B1DB-ADA8CEAF0637}.Debug|x86.Build.0 = Debug|Any CPU
		{72BBE4D1-6C7E-44CB-B1DB-ADA8CEAF0637}.Release|Any CPU.ActiveCfg = Release|Any CPU
		{72BBE4D1-6C7E-44CB-B1DB-ADA8CEAF0637}.Release|Any CPU.Build.0 = Release|Any CPU
		{72BBE4D1-6C7E-44CB-B1DB-ADA8CEAF0637}.Release|ARM.ActiveCfg = Release|Any CPU
		{72BBE4D1-6C7E-44CB-B1DB-ADA8CEAF0637}.Release|ARM.Build.0 = Release|Any CPU
		{72BBE4D1-6C7E-44CB-B1DB-ADA8CEAF0637}.Release|iPhone.ActiveCfg = Release|Any CPU
		{72BBE4D1-6C7E-44CB-B1DB-ADA8CEAF0637}.Release|iPhone.Build.0 = Release|Any CPU
		{72BBE4D1-6C7E-44CB-B1DB-ADA8CEAF0637}.Release|iPhoneSimulator.ActiveCfg = Release|Any CPU
		{72BBE4D1-6C7E-44CB-B1DB-ADA8CEAF0637}.Release|iPhoneSimulator.Build.0 = Release|Any CPU
		{72BBE4D1-6C7E-44CB-B1DB-ADA8CEAF0637}.Release|x86.ActiveCfg = Release|Any CPU
		{72BBE4D1-6C7E-44CB-B1DB-ADA8CEAF0637}.Release|x86.Build.0 = Release|Any CPU
	EndGlobalSection
	GlobalSection(SolutionProperties) = preSolution
		HideSolutionNode = FALSE
	EndGlobalSection
	GlobalSection(NestedProjects) = preSolution
		{FC01B428-A1D6-4FC0-BA29-60DC4C4A4732} = {582D4340-A27A-4B09-9FBB-C6EAED08CD88}
		{713B9266-D0D4-47A6-93B4-DC0395C209DA} = {582D4340-A27A-4B09-9FBB-C6EAED08CD88}
		{72BBE4D1-6C7E-44CB-B1DB-ADA8CEAF0637} = {582D4340-A27A-4B09-9FBB-C6EAED08CD88}
	EndGlobalSection
EndGlobal
